
Microsoft Visual Studio Solution File, Format Version 12.00
# Visual Studio Version 16
VisualStudioVersion = 16.0.30621.155
MinimumVisualStudioVersion = 10.0.40219.1
Project("{FAE04EC0-301F-11D3-BF4B-00C04F79EFBC}") = "ScraperWebsitePDF", "ScraperWebsitePDF\ScraperWebsitePDF.csproj", "{9445589A-260D-488C-B7C3-01682C034843}"
EndProject
Global
	GlobalSection(SolutionConfigurationPlatforms) = preSolution
		Debug|Any CPU = Debug|Any CPU
		Release|Any CPU = Release|Any CPU
	EndGlobalSection
	GlobalSection(ProjectConfigurationPlatforms) = postSolution
		{9445589A-260D-488C-B7C3-01682C034843}.Debug|Any CPU.ActiveCfg = Debug|Any CPU
		{9445589A-260D-488C-B7C3-01682C034843}.Debug|Any CPU.Build.0 = Debug|Any CPU
		{9445589A-260D-488C-B7C3-01682C034843}.Release|Any CPU.ActiveCfg = Release|Any CPU
		{9445589A-260D-488C-B7C3-01682C034843}.Release|Any CPU.Build.0 = Release|Any CPU
	EndGlobalSection
	GlobalSection(SolutionProperties) = preSolution
		HideSolutionNode = FALSE
	EndGlobalSection
	GlobalSection(ExtensibilityGlobals) = postSolution
		SolutionGuid = {92591722-0CF8-44B1-AAC8-2AB22CE58DE8}
	EndGlobalSection
EndGlobal
